// !$*UTF8*$!
{
	archiveVersion = 1;
	classes = {
	};
	objectVersion = 50;
	objects = {

/* Begin PBXBuildFile section */
		B5A28C4D21FE8C610051C030 /* AppDelegate.swift in Sources */ = {isa = PBXBuildFile; fileRef = B5A28C4C21FE8C610051C030 /* AppDelegate.swift */; };
		B5A28C4F21FE8C610051C030 /* ViewController.swift in Sources */ = {isa = PBXBuildFile; fileRef = B5A28C4E21FE8C610051C030 /* ViewController.swift */; };
		B5A28C5221FE8C610051C030 /* Main.storyboard in Resources */ = {isa = PBXBuildFile; fileRef = B5A28C5021FE8C610051C030 /* Main.storyboard */; };
		B5A28C5521FE8C610051C030 /* Light.xcdatamodeld in Sources */ = {isa = PBXBuildFile; fileRef = B5A28C5321FE8C610051C030 /* Light.xcdatamodeld */; };
		B5A28C5721FE8C620051C030 /* Assets.xcassets in Resources */ = {isa = PBXBuildFile; fileRef = B5A28C5621FE8C620051C030 /* Assets.xcassets */; };
		B5A28C5A21FE8C620051C030 /* LaunchScreen.storyboard in Resources */ = {isa = PBXBuildFile; fileRef = B5A28C5821FE8C620051C030 /* LaunchScreen.storyboard */; };
		B5A28C6521FE8C620051C030 /* LightTests.swift in Sources */ = {isa = PBXBuildFile; fileRef = B5A28C6421FE8C620051C030 /* LightTests.swift */; };
		B5A28C7021FE8C620051C030 /* LightUITests.swift in Sources */ = {isa = PBXBuildFile; fileRef = B5A28C6F21FE8C620051C030 /* LightUITests.swift */; };
/* End PBXBuildFile section */

/* Begin PBXContainerItemProxy section */
		B5A28C6121FE8C620051C030 /* PBXContainerItemProxy */ = {
			isa = PBXContainerItemProxy;
			containerPortal = B5A28C4121FE8C610051C030 /* Project object */;
			proxyType = 1;
			remoteGlobalIDString = B5A28C4821FE8C610051C030;
			remoteInfo = Light;
		};
		B5A28C6C21FE8C620051C030 /* PBXContainerItemProxy */ = {
			isa = PBXContainerItemProxy;
			containerPortal = B5A28C4121FE8C610051C030 /* Project object */;
			proxyType = 1;
			remoteGlobalIDString = B5A28C4821FE8C610051C030;
			remoteInfo = Light;
		};
/* End PBXContainerItemProxy section */

/* Begin PBXFileReference section */
		B5A28C4921FE8C610051C030 /* Light.app */ = {isa = PBXFileReference; explicitFileType = wrapper.application; includeInIndex = 0; path = Light.app; sourceTree = BUILT_PRODUCTS_DIR; };
		B5A28C4C21FE8C610051C030 /* AppDelegate.swift */ = {isa = PBXFileReference; lastKnownFileType = sourcecode.swift; path = AppDelegate.swift; sourceTree = "<group>"; };
		B5A28C4E21FE8C610051C030 /* ViewController.swift */ = {isa = PBXFileReference; lastKnownFileType = sourcecode.swift; path = ViewController.swift; sourceTree = "<group>"; };
		B5A28C5121FE8C610051C030 /* Base */ = {isa = PBXFileReference; lastKnownFileType = file.storyboard; name = Base; path = Base.lproj/Main.storyboard; sourceTree = "<group>"; };
		B5A28C5421FE8C610051C030 /* Light.xcdatamodel */ = {isa = PBXFileReference; lastKnownFileType = wrapper.xcdatamodel; path = Light.xcdatamodel; sourceTree = "<group>"; };
		B5A28C5621FE8C620051C030 /* Assets.xcassets */ = {isa = PBXFileReference; lastKnownFileType = folder.assetcatalog; path = Assets.xcassets; sourceTree = "<group>"; };
		B5A28C5921FE8C620051C030 /* Base */ = {isa = PBXFileReference; lastKnownFileType = file.storyboard; name = Base; path = Base.lproj/LaunchScreen.storyboard; sourceTree = "<group>"; };
		B5A28C5B21FE8C620051C030 /* Info.plist */ = {isa = PBXFileReference; lastKnownFileType = text.plist.xml; path = Info.plist; sourceTree = "<group>"; };
		B5A28C6021FE8C620051C030 /* LightTests.xctest */ = {isa = PBXFileReference; explicitFileType = wrapper.cfbundle; includeInIndex = 0; path = LightTests.xctest; sourceTree = BUILT_PRODUCTS_DIR; };
		B5A28C6421FE8C620051C030 /* LightTests.swift */ = {isa = PBXFileReference; lastKnownFileType = sourcecode.swift; path = LightTests.swift; sourceTree = "<group>"; };
		B5A28C6621FE8C620051C030 /* Info.plist */ = {isa = PBXFileReference; lastKnownFileType = text.plist.xml; path = Info.plist; sourceTree = "<group>"; };
		B5A28C6B21FE8C620051C030 /* LightUITests.xctest */ = {isa = PBXFileReference; explicitFileType = wrapper.cfbundle; includeInIndex = 0; path = LightUITests.xctest; sourceTree = BUILT_PRODUCTS_DIR; };
		B5A28C6F21FE8C620051C030 /* LightUITests.swift */ = {isa = PBXFileReference; lastKnownFileType = sourcecode.swift; path = LightUITests.swift; sourceTree = "<group>"; };
		B5A28C7121FE8C620051C030 /* Info.plist */ = {isa = PBXFileReference; lastKnownFileType = text.plist.xml; path = Info.plist; sourceTree = "<group>"; };
/* End PBXFileReference section */

/* Begin PBXFrameworksBuildPhase section */
		B5A28C4621FE8C610051C030 /* Frameworks */ = {
			isa = PBXFrameworksBuildPhase;
			buildActionMask = 2147483647;
			files = (
			);
			runOnlyForDeploymentPostprocessing = 0;
		};
		B5A28C5D21FE8C620051C030 /* Frameworks */ = {
			isa = PBXFrameworksBuildPhase;
			buildActionMask = 2147483647;
			files = (
			);
			runOnlyForDeploymentPostprocessing = 0;
		};
		B5A28C6821FE8C620051C030 /* Frameworks */ = {
			isa = PBXFrameworksBuildPhase;
			buildActionMask = 2147483647;
			files = (
			);
			runOnlyForDeploymentPostprocessing = 0;
		};
/* End PBXFrameworksBuildPhase section */

/* Begin PBXGroup section */
		B5A28C4021FE8C610051C030 = {
			isa = PBXGroup;
			children = (
				B5A28C4B21FE8C610051C030 /* Light */,
				B5A28C6321FE8C620051C030 /* LightTests */,
				B5A28C6E21FE8C620051C030 /* LightUITests */,
				B5A28C4A21FE8C610051C030 /* Products */,
			);
			sourceTree = "<group>";
		};
		B5A28C4A21FE8C610051C030 /* Products */ = {
			isa = PBXGroup;
			children = (
				B5A28C4921FE8C610051C030 /* Light.app */,
				B5A28C6021FE8C620051C030 /* LightTests.xctest */,
				B5A28C6B21FE8C620051C030 /* LightUITests.xctest */,
			);
			name = Products;
			sourceTree = "<group>";
		};
		B5A28C4B21FE8C610051C030 /* Light */ = {
			isa = PBXGroup;
			children = (
				B5A28C4C21FE8C610051C030 /* AppDelegate.swift */,
				B5A28C4E21FE8C610051C030 /* ViewController.swift */,
				B5A28C5021FE8C610051C030 /* Main.storyboard */,
				B5A28C5621FE8C620051C030 /* Assets.xcassets */,
				B5A28C5821FE8C620051C030 /* LaunchScreen.storyboard */,
				B5A28C5B21FE8C620051C030 /* Info.plist */,
				B5A28C5321FE8C610051C030 /* Light.xcdatamodeld */,
			);
			path = Light;
			sourceTree = "<group>";
		};
		B5A28C6321FE8C620051C030 /* LightTests */ = {
			isa = PBXGroup;
			children = (
				B5A28C6421FE8C620051C030 /* LightTests.swift */,
				B5A28C6621FE8C620051C030 /* Info.plist */,
			);
			path = LightTests;
			sourceTree = "<group>";
		};
		B5A28C6E21FE8C620051C030 /* LightUITests */ = {
			isa = PBXGroup;
			children = (
				B5A28C6F21FE8C620051C030 /* LightUITests.swift */,
				B5A28C7121FE8C620051C030 /* Info.plist */,
			);
			path = LightUITests;
			sourceTree = "<group>";
		};
/* End PBXGroup section */

/* Begin PBXNativeTarget section */
		B5A28C4821FE8C610051C030 /* Light */ = {
			isa = PBXNativeTarget;
			buildConfigurationList = B5A28C7421FE8C620051C030 /* Build configuration list for PBXNativeTarget "Light" */;
			buildPhases = (
				B5A28C4521FE8C610051C030 /* Sources */,
				B5A28C4621FE8C610051C030 /* Frameworks */,
				B5A28C4721FE8C610051C030 /* Resources */,
			);
			buildRules = (
			);
			dependencies = (
			);
			name = Light;
			productName = Light;
			productReference = B5A28C4921FE8C610051C030 /* Light.app */;
			productType = "com.apple.product-type.application";
		};
		B5A28C5F21FE8C620051C030 /* LightTests */ = {
			isa = PBXNativeTarget;
			buildConfigurationList = B5A28C7721FE8C620051C030 /* Build configuration list for PBXNativeTarget "LightTests" */;
			buildPhases = (
				B5A28C5C21FE8C620051C030 /* Sources */,
				B5A28C5D21FE8C620051C030 /* Frameworks */,
				B5A28C5E21FE8C620051C030 /* Resources */,
			);
			buildRules = (
			);
			dependencies = (
				B5A28C6221FE8C620051C030 /* PBXTargetDependency */,
			);
			name = LightTests;
			productName = LightTests;
			productReference = B5A28C6021FE8C620051C030 /* LightTests.xctest */;
			productType = "com.apple.product-type.bundle.unit-test";
		};
		B5A28C6A21FE8C620051C030 /* LightUITests */ = {
			isa = PBXNativeTarget;
			buildConfigurationList = B5A28C7A21FE8C620051C030 /* Build configuration list for PBXNativeTarget "LightUITests" */;
			buildPhases = (
				B5A28C6721FE8C620051C030 /* Sources */,
				B5A28C6821FE8C620051C030 /* Frameworks */,
				B5A28C6921FE8C620051C030 /* Resources */,
			);
			buildRules = (
			);
			dependencies = (
				B5A28C6D21FE8C620051C030 /* PBXTargetDependency */,
			);
			name = LightUITests;
			productName = LightUITests;
			productReference = B5A28C6B21FE8C620051C030 /* LightUITests.xctest */;
			productType = "com.apple.product-type.bundle.ui-testing";
		};
/* End PBXNativeTarget section */

/* Begin PBXProject section */
		B5A28C4121FE8C610051C030 /* Project object */ = {
			isa = PBXProject;
			attributes = {
				LastSwiftUpdateCheck = 1010;
				LastUpgradeCheck = 1010;
				ORGANIZATIONNAME = WellMadeInnovations;
				TargetAttributes = {
					B5A28C4821FE8C610051C030 = {
						CreatedOnToolsVersion = 10.1;
					};
					B5A28C5F21FE8C620051C030 = {
						CreatedOnToolsVersion = 10.1;
						TestTargetID = B5A28C4821FE8C610051C030;
					};
					B5A28C6A21FE8C620051C030 = {
						CreatedOnToolsVersion = 10.1;
						TestTargetID = B5A28C4821FE8C610051C030;
					};
				};
			};
			buildConfigurationList = B5A28C4421FE8C610051C030 /* Build configuration list for PBXProject "Light" */;
			compatibilityVersion = "Xcode 9.3";
			developmentRegion = en;
			hasScannedForEncodings = 0;
			knownRegions = (
				en,
				Base,
			);
			mainGroup = B5A28C4021FE8C610051C030;
			productRefGroup = B5A28C4A21FE8C610051C030 /* Products */;
			projectDirPath = "";
			projectRoot = "";
			targets = (
				B5A28C4821FE8C610051C030 /* Light */,
				B5A28C5F21FE8C620051C030 /* LightTests */,
				B5A28C6A21FE8C620051C030 /* LightUITests */,
			);
		};
/* End PBXProject section */

/* Begin PBXResourcesBuildPhase section */
		B5A28C4721FE8C610051C030 /* Resources */ = {
			isa = PBXResourcesBuildPhase;
			buildActionMask = 2147483647;
			files = (
				B5A28C5A21FE8C620051C030 /* LaunchScreen.storyboard in Resources */,
				B5A28C5721FE8C620051C030 /* Assets.xcassets in Resources */,
				B5A28C5221FE8C610051C030 /* Main.storyboard in Resources */,
			);
			runOnlyForDeploymentPostprocessing = 0;
		};
		B5A28C5E21FE8C620051C030 /* Resources */ = {
			isa = PBXResourcesBuildPhase;
			buildActionMask = 2147483647;
			files = (
			);
			runOnlyForDeploymentPostprocessing = 0;
		};
		B5A28C6921FE8C620051C030 /* Resources */ = {
			isa = PBXResourcesBuildPhase;
			buildActionMask = 2147483647;
			files = (
			);
			runOnlyForDeploymentPostprocessing = 0;
		};
/* End PBXResourcesBuildPhase section */

/* Begin PBXSourcesBuildPhase section */
		B5A28C4521FE8C610051C030 /* Sources */ = {
			isa = PBXSourcesBuildPhase;
			buildActionMask = 2147483647;
			files = (
				B5A28C5521FE8C610051C030 /* Light.xcdatamodeld in Sources */,
				B5A28C4F21FE8C610051C030 /* ViewController.swift in Sources */,
				B5A28C4D21FE8C610051C030 /* AppDelegate.swift in Sources */,
			);
			runOnlyForDeploymentPostprocessing = 0;
		};
		B5A28C5C21FE8C620051C030 /* Sources */ = {
			isa = PBXSourcesBuildPhase;
			buildActionMask = 2147483647;
			files = (
				B5A28C6521FE8C620051C030 /* LightTests.swift in Sources */,
			);
			runOnlyForDeploymentPostprocessing = 0;
		};
		B5A28C6721FE8C620051C030 /* Sources */ = {
			isa = PBXSourcesBuildPhase;
			buildActionMask = 2147483647;
			files = (
				B5A28C7021FE8C620051C030 /* LightUITests.swift in Sources */,
			);
			runOnlyForDeploymentPostprocessing = 0;
		};
/* End PBXSourcesBuildPhase section */

/* Begin PBXTargetDependency section */
		B5A28C6221FE8C620051C030 /* PBXTargetDependency */ = {
			isa = PBXTargetDependency;
			target = B5A28C4821FE8C610051C030 /* Light */;
			targetProxy = B5A28C6121FE8C620051C030 /* PBXContainerItemProxy */;
		};
		B5A28C6D21FE8C620051C030 /* PBXTargetDependency */ = {
			isa = PBXTargetDependency;
			target = B5A28C4821FE8C610051C030 /* Light */;
			targetProxy = B5A28C6C21FE8C620051C030 /* PBXContainerItemProxy */;
		};
/* End PBXTargetDependency section */

/* Begin PBXVariantGroup section */
		B5A28C5021FE8C610051C030 /* Main.storyboard */ = {
			isa = PBXVariantGroup;
			children = (
				B5A28C5121FE8C610051C030 /* Base */,
			);
			name = Main.storyboard;
			sourceTree = "<group>";
		};
		B5A28C5821FE8C620051C030 /* LaunchScreen.storyboard */ = {
			isa = PBXVariantGroup;
			children = (
				B5A28C5921FE8C620051C030 /* Base */,
			);
			name = LaunchScreen.storyboard;
			sourceTree = "<group>";
		};
/* End PBXVariantGroup section */

/* Begin XCBuildConfiguration section */
		B5A28C7221FE8C620051C030 /* Debug */ = {
			isa = XCBuildConfiguration;
			buildSettings = {
				ALWAYS_SEARCH_USER_PATHS = NO;
				CLANG_ANALYZER_NONNULL = YES;
				CLANG_ANALYZER_NUMBER_OBJECT_CONVERSION = YES_AGGRESSIVE;
				CLANG_CXX_LANGUAGE_STANDARD = "gnu++14";
				CLANG_CXX_LIBRARY = "libc++";
				CLANG_ENABLE_MODULES = YES;
				CLANG_ENABLE_OBJC_ARC = YES;
				CLANG_ENABLE_OBJC_WEAK = YES;
				CLANG_WARN_BLOCK_CAPTURE_AUTORELEASING = YES;
				CLANG_WARN_BOOL_CONVERSION = YES;
				CLANG_WARN_COMMA = YES;
				CLANG_WARN_CONSTANT_CONVERSION = YES;
				CLANG_WARN_DEPRECATED_OBJC_IMPLEMENTATIONS = YES;
				CLANG_WARN_DIRECT_OBJC_ISA_USAGE = YES_ERROR;
				CLANG_WARN_DOCUMENTATION_COMMENTS = YES;
				CLANG_WARN_EMPTY_BODY = YES;
				CLANG_WARN_ENUM_CONVERSION = YES;
				CLANG_WARN_INFINITE_RECURSION = YES;
				CLANG_WARN_INT_CONVERSION = YES;
				CLANG_WARN_NON_LITERAL_NULL_CONVERSION = YES;
				CLANG_WARN_OBJC_IMPLICIT_RETAIN_SELF = YES;
				CLANG_WARN_OBJC_LITERAL_CONVERSION = YES;
				CLANG_WARN_OBJC_ROOT_CLASS = YES_ERROR;
				CLANG_WARN_RANGE_LOOP_ANALYSIS = YES;
				CLANG_WARN_STRICT_PROTOTYPES = YES;
				CLANG_WARN_SUSPICIOUS_MOVE = YES;
				CLANG_WARN_UNGUARDED_AVAILABILITY = YES_AGGRESSIVE;
				CLANG_WARN_UNREACHABLE_CODE = YES;
				CLANG_WARN__DUPLICATE_METHOD_MATCH = YES;
				CODE_SIGN_IDENTITY = "iPhone Developer";
				COPY_PHASE_STRIP = NO;
				DEBUG_INFORMATION_FORMAT = dwarf;
				ENABLE_STRICT_OBJC_MSGSEND = YES;
				ENABLE_TESTABILITY = YES;
				GCC_C_LANGUAGE_STANDARD = gnu11;
				GCC_DYNAMIC_NO_PIC = NO;
				GCC_NO_COMMON_BLOCKS = YES;
				GCC_OPTIMIZATION_LEVEL = 0;
				GCC_PREPROCESSOR_DEFINITIONS = (
					"DEBUG=1",
					"$(inherited)",
				);
				GCC_WARN_64_TO_32_BIT_CONVERSION = YES;
				GCC_WARN_ABOUT_RETURN_TYPE = YES_ERROR;
				GCC_WARN_UNDECLARED_SELECTOR = YES;
				GCC_WARN_UNINITIALIZED_AUTOS = YES_AGGRESSIVE;
				GCC_WARN_UNUSED_FUNCTION = YES;
				GCC_WARN_UNUSED_VARIABLE = YES;
				IPHONEOS_DEPLOYMENT_TARGET = 12.1;
				MTL_ENABLE_DEBUG_INFO = INCLUDE_SOURCE;
				MTL_FAST_MATH = YES;
				ONLY_ACTIVE_ARCH = YES;
				SDKROOT = iphoneos;
				SWIFT_ACTIVE_COMPILATION_CONDITIONS = DEBUG;
				SWIFT_OPTIMIZATION_LEVEL = "-Onone";
			};
			name = Debug;
		};
		B5A28C7321FE8C620051C030 /* Release */ = {
			isa = XCBuildConfiguration;
			buildSettings = {
				ALWAYS_SEARCH_USER_PATHS = NO;
				CLANG_ANALYZER_NONNULL = YES;
				CLANG_ANALYZER_NUMBER_OBJECT_CONVERSION = YES_AGGRESSIVE;
				CLANG_CXX_LANGUAGE_STANDARD = "gnu++14";
				CLANG_CXX_LIBRARY = "libc++";
				CLANG_ENABLE_MODULES = YES;
				CLANG_ENABLE_OBJC_ARC = YES;
				CLANG_ENABLE_OBJC_WEAK = YES;
				CLANG_WARN_BLOCK_CAPTURE_AUTORELEASING = YES;
				CLANG_WARN_BOOL_CONVERSION = YES;
				CLANG_WARN_COMMA = YES;
				CLANG_WARN_CONSTANT_CONVERSION = YES;
				CLANG_WARN_DEPRECATED_OBJC_IMPLEMENTATIONS = YES;
				CLANG_WARN_DIRECT_OBJC_ISA_USAGE = YES_ERROR;
				CLANG_WARN_DOCUMENTATION_COMMENTS = YES;
				CLANG_WARN_EMPTY_BODY = YES;
				CLANG_WARN_ENUM_CONVERSION = YES;
				CLANG_WARN_INFINITE_RECURSION = YES;
				CLANG_WARN_INT_CONVERSION = YES;
				CLANG_WARN_NON_LITERAL_NULL_CONVERSION = YES;
				CLANG_WARN_OBJC_IMPLICIT_RETAIN_SELF = YES;
				CLANG_WARN_OBJC_LITERAL_CONVERSION = YES;
				CLANG_WARN_OBJC_ROOT_CLASS = YES_ERROR;
				CLANG_WARN_RANGE_LOOP_ANALYSIS = YES;
				CLANG_WARN_STRICT_PROTOTYPES = YES;
				CLANG_WARN_SUSPICIOUS_MOVE = YES;
				CLANG_WARN_UNGUARDED_AVAILABILITY = YES_AGGRESSIVE;
				CLANG_WARN_UNREACHABLE_CODE = YES;
				CLANG_WARN__DUPLICATE_METHOD_MATCH = YES;
				CODE_SIGN_IDENTITY = "iPhone Developer";
				COPY_PHASE_STRIP = NO;
				DEBUG_INFORMATION_FORMAT = "dwarf-with-dsym";
				ENABLE_NS_ASSERTIONS = NO;
				ENABLE_STRICT_OBJC_MSGSEND = YES;
				GCC_C_LANGUAGE_STANDARD = gnu11;
				GCC_NO_COMMON_BLOCKS = YES;
				GCC_WARN_64_TO_32_BIT_CONVERSION = YES;
				GCC_WARN_ABOUT_RETURN_TYPE = YES_ERROR;
				GCC_WARN_UNDECLARED_SELECTOR = YES;
				GCC_WARN_UNINITIALIZED_AUTOS = YES_AGGRESSIVE;
				GCC_WARN_UNUSED_FUNCTION = YES;
				GCC_WARN_UNUSED_VARIABLE = YES;
				IPHONEOS_DEPLOYMENT_TARGET = 12.1;
				MTL_ENABLE_DEBUG_INFO = NO;
				MTL_FAST_MATH = YES;
				SDKROOT = iphoneos;
				SWIFT_COMPILATION_MODE = wholemodule;
				SWIFT_OPTIMIZATION_LEVEL = "-O";
				VALIDATE_PRODUCT = YES;
			};
			name = Release;
		};
		B5A28C7521FE8C620051C030 /* Debug */ = {
			isa = XCBuildConfiguration;
			buildSettings = {
				ASSETCATALOG_COMPILER_APPICON_NAME = AppIcon;
				CODE_SIGN_STYLE = Automatic;
				DEVELOPMENT_TEAM = FW7A2DBXUM;
				INFOPLIST_FILE = Light/Info.plist;
				LD_RUNPATH_SEARCH_PATHS = (
					"$(inherited)",
					"@executable_path/Frameworks",
				);
				PRODUCT_BUNDLE_IDENTIFIER = WMI.Light;
				PRODUCT_NAME = "$(TARGET_NAME)";
				SWIFT_VERSION = 4.2;
				TARGETED_DEVICE_FAMILY = "1,2";
			};
			name = Debug;
		};
		B5A28C7621FE8C620051C030 /* Release */ = {
			isa = XCBuildConfiguration;
			buildSettings = {
				ASSETCATALOG_COMPILER_APPICON_NAME = AppIcon;
				CODE_SIGN_STYLE = Automatic;
				DEVELOPMENT_TEAM = FW7A2DBXUM;
				INFOPLIST_FILE = Light/Info.plist;
				LD_RUNPATH_SEARCH_PATHS = (
					"$(inherited)",
					"@executable_path/Frameworks",
				);
				PRODUCT_BUNDLE_IDENTIFIER = WMI.Light;
				PRODUCT_NAME = "$(TARGET_NAME)";
				SWIFT_VERSION = 4.2;
				TARGETED_DEVICE_FAMILY = "1,2";
			};
			name = Release;
		};
		B5A28C7821FE8C620051C030 /* Debug */ = {
			isa = XCBuildConfiguration;
			buildSettings = {
				ALWAYS_EMBED_SWIFT_STANDARD_LIBRARIES = YES;
				BUNDLE_LOADER = "$(TEST_HOST)";
				CODE_SIGN_STYLE = Automatic;
				DEVELOPMENT_TEAM = FW7A2DBXUM;
				INFOPLIST_FILE = LightTests/Info.plist;
				LD_RUNPATH_SEARCH_PATHS = (
					"$(inherited)",
					"@executable_path/Frameworks",
					"@loader_path/Frameworks",
				);
				PRODUCT_BUNDLE_IDENTIFIER = WMI.LightTests;
				PRODUCT_NAME = "$(TARGET_NAME)";
				SWIFT_VERSION = 4.2;
				TARGETED_DEVICE_FAMILY = "1,2";
				TEST_HOST = "$(BUILT_PRODUCTS_DIR)/Light.app/Light";
			};
			name = Debug;
		};
		B5A28C7921FE8C620051C030 /* Release */ = {
			isa = XCBuildConfiguration;
			buildSettings = {
				ALWAYS_EMBED_SWIFT_STANDARD_LIBRARIES = YES;
				BUNDLE_LOADER = "$(TEST_HOST)";
				CODE_SIGN_STYLE = Automatic;
				DEVELOPMENT_TEAM = FW7A2DBXUM;
				INFOPLIST_FILE = LightTests/Info.plist;
				LD_RUNPATH_SEARCH_PATHS = (
					"$(inherited)",
					"@executable_path/Frameworks",
					"@loader_path/Frameworks",
				);
				PRODUCT_BUNDLE_IDENTIFIER = WMI.LightTests;
				PRODUCT_NAME = "$(TARGET_NAME)";
				SWIFT_VERSION = 4.2;
				TARGETED_DEVICE_FAMILY = "1,2";
				TEST_HOST = "$(BUILT_PRODUCTS_DIR)/Light.app/Light";
			};
			name = Release;
		};
		B5A28C7B21FE8C620051C030 /* Debug */ = {
			isa = XCBuildConfiguration;
			buildSettings = {
				ALWAYS_EMBED_SWIFT_STANDARD_LIBRARIES = YES;
				CODE_SIGN_STYLE = Automatic;
				DEVELOPMENT_TEAM = FW7A2DBXUM;
				INFOPLIST_FILE = LightUITests/Info.plist;
				LD_RUNPATH_SEARCH_PATHS = (
					"$(inherited)",
					"@executable_path/Frameworks",
					"@loader_path/Frameworks",
				);
				PRODUCT_BUNDLE_IDENTIFIER = WMI.LightUITests;
				PRODUCT_NAME = "$(TARGET_NAME)";
				SWIFT_VERSION = 4.2;
				TARGETED_DEVICE_FAMILY = "1,2";
				TEST_TARGET_NAME = Light;
			};
			name = Debug;
		};
		B5A28C7C21FE8C620051C030 /* Release */ = {
			isa = XCBuildConfiguration;
			buildSettings = {
				ALWAYS_EMBED_SWIFT_STANDARD_LIBRARIES = YES;
				CODE_SIGN_STYLE = Automatic;
				DEVELOPMENT_TEAM = FW7A2DBXUM;
				INFOPLIST_FILE = LightUITests/Info.plist;
				LD_RUNPATH_SEARCH_PATHS = (
					"$(inherited)",
					"@executable_path/Frameworks",
					"@loader_path/Frameworks",
				);
				PRODUCT_BUNDLE_IDENTIFIER = WMI.LightUITests;
				PRODUCT_NAME = "$(TARGET_NAME)";
				SWIFT_VERSION = 4.2;
				TARGETED_DEVICE_FAMILY = "1,2";
				TEST_TARGET_NAME = Light;
			};
			name = Release;
		};
/* End XCBuildConfiguration section */

/* Begin XCConfigurationList section */
		B5A28C4421FE8C610051C030 /* Build configuration list for PBXProject "Light" */ = {
			isa = XCConfigurationList;
			buildConfigurations = (
				B5A28C7221FE8C620051C030 /* Debug */,
				B5A28C7321FE8C620051C030 /* Release */,
			);
			defaultConfigurationIsVisible = 0;
			defaultConfigurationName = Release;
		};
		B5A28C7421FE8C620051C030 /* Build configuration list for PBXNativeTarget "Light" */ = {
			isa = XCConfigurationList;
			buildConfigurations = (
				B5A28C7521FE8C620051C030 /* Debug */,
				B5A28C7621FE8C620051C030 /* Release */,
			);
			defaultConfigurationIsVisible = 0;
			defaultConfigurationName = Release;
		};
		B5A28C7721FE8C620051C030 /* Build configuration list for PBXNativeTarget "LightTests" */ = {
			isa = XCConfigurationList;
			buildConfigurations = (
				B5A28C7821FE8C620051C030 /* Debug */,
				B5A28C7921FE8C620051C030 /* Release */,
			);
			defaultConfigurationIsVisible = 0;
			defaultConfigurationName = Release;
		};
		B5A28C7A21FE8C620051C030 /* Build configuration list for PBXNativeTarget "LightUITests" */ = {
			isa = XCConfigurationList;
			buildConfigurations = (
				B5A28C7B21FE8C620051C030 /* Debug */,
				B5A28C7C21FE8C620051C030 /* Release */,
			);
			defaultConfigurationIsVisible = 0;
			defaultConfigurationName = Release;
		};
/* End XCConfigurationList section */

/* Begin XCVersionGroup section */
		B5A28C5321FE8C610051C030 /* Light.xcdatamodeld */ = {
			isa = XCVersionGroup;
			children = (
				B5A28C5421FE8C610051C030 /* Light.xcdatamodel */,
			);
			currentVersion = B5A28C5421FE8C610051C030 /* Light.xcdatamodel */;
			path = Light.xcdatamodeld;
			sourceTree = "<group>";
			versionGroupType = wrapper.xcdatamodel;
		};
/* End XCVersionGroup section */
	};
	rootObject = B5A28C4121FE8C610051C030 /* Project object */;
}
